
Microsoft Visual Studio Solution File, Format Version 12.00
# Visual Studio Version 17
VisualStudioVersion = 17.7.34221.43
MinimumVisualStudioVersion = 10.0.40219.1
Project("{FAE04EC0-301F-11D3-BF4B-00C04F79EFBC}") = "ASM", "ASM\ASM.csproj", "{C22C423D-B4FE-4CDA-8D7D-2E7CC0BCDE94}"
EndProject
Global
	GlobalSection(SolutionConfigurationPlatforms) = preSolution
		Debug|Any CPU = Debug|Any CPU
		Release|Any CPU = Release|Any CPU
	EndGlobalSection
	GlobalSection(ProjectConfigurationPlatforms) = postSolution
		{C22C423D-B4FE-4CDA-8D7D-2E7CC0BCDE94}.Debug|Any CPU.ActiveCfg = Debug|Any CPU
		{C22C423D-B4FE-4CDA-8D7D-2E7CC0BCDE94}.Debug|Any CPU.Build.0 = Debug|Any CPU
		{C22C423D-B4FE-4CDA-8D7D-2E7CC0BCDE94}.Release|Any CPU.ActiveCfg = Release|Any CPU
		{C22C423D-B4FE-4CDA-8D7D-2E7CC0BCDE94}.Release|Any CPU.Build.0 = Release|Any CPU
	EndGlobalSection
	GlobalSection(SolutionProperties) = preSolution
		HideSolutionNode = FALSE
	EndGlobalSection
	GlobalSection(ExtensibilityGlobals) = postSolution
		SolutionGuid = {D5D77A9F-21F0-4A0D-A113-CAA46E6D90D9}
	EndGlobalSection
EndGlobal
